{
  "name": "thread_pools",
  "version": "2.5.5",
  "lockfileVersion": 3,
  "requires": true,
  "packages": {
    "": {
      "version": "2.5.5",
      "license": "MIT",
      "dependencies": {
        "serialize-javascript": "^7.0.3"
      },
      "devDependencies": {
        "tasklanguage": "^2.5.2"
      }
    },
    "node_modules/colors": {
      "version": "1.4.0",
      "resolved": "https://registry.npmjs.org/colors/-/colors-1.4.0.tgz",
      "integrity": "sha512-a+UqTh4kgZg/SlGvfbzDHpgRu7AAQOmmqRHJnxhRZICKFUT91brVhNNt58CMWU9PsBbv3PDCZUHbVxuDiH2mtA==",
      "dev": true,
      "engines": {
        "node": ">=0.1.90"
      }
    },
    "node_modules/serialize-javascript": {
      "version": "7.0.5",
      "resolved": "https://registry.npmjs.org/serialize-javascript/-/serialize-javascript-7.0.5.tgz",
      "integrity": "sha512-F4LcB0UqUl1zErq+1nYEEzSHJnIwb3AF2XWB94b+afhrekOUijwooAYqFyRbjYkm2PAKBabx6oYv/xDxNi8IBw==",
      "license": "BSD-3-Clause",
      "engines": {
        "node": ">=20.0.0"
      }
    },
    "node_modules/tasklanguage": {
      "version": "2.5.2",
      "resolved": "https://registry.npmjs.org/tasklanguage/-/tasklanguage-2.5.2.tgz",
      "integrity": "sha512-TYDGEAcNi6rAiX0YCoBvQstAKl2jxY6Z2OMcLHi6MzrispmN/DasuG76eOtYu24rcJORpTiND4DsJlTvq5/1Zg==",
      "dev": true,
      "dependencies": {
        "colors": "^1.3.3"
      }
    }
  }
}
